
Microsoft Visual Studio Solution File, Format Version 12.00
# Visual Studio 2012
Project("{FAE04EC0-301F-11D3-BF4B-00C04F79EFBC}") = "quiz6", "quiz6\quiz6.csproj", "{6EA84F9C-E2D8-4000-9D57-A956DBCF284B}"
EndProject
Global
	GlobalSection(SolutionConfigurationPlatforms) = preSolution
		Debug|Any CPU = Debug|Any CPU
		Release|Any CPU = Release|Any CPU
	EndGlobalSection
	GlobalSection(ProjectConfigurationPlatforms) = postSolution
		{6EA84F9C-E2D8-4000-9D57-A956DBCF284B}.Debug|Any CPU.ActiveCfg = Debug|Any CPU
		{6EA84F9C-E2D8-4000-9D57-A956DBCF284B}.Debug|Any CPU.Build.0 = Debug|Any CPU
		{6EA84F9C-E2D8-4000-9D57-A956DBCF284B}.Release|Any CPU.ActiveCfg = Release|Any CPU
		{6EA84F9C-E2D8-4000-9D57-A956DBCF284B}.Release|Any CPU.Build.0 = Release|Any CPU
	EndGlobalSection
	GlobalSection(SolutionProperties) = preSolution
		HideSolutionNode = FALSE
	EndGlobalSection
EndGlobal
